
Microsoft Visual Studio Solution File, Format Version 12.00
# Visual Studio 2012
Project("{FAE04EC0-301F-11D3-BF4B-00C04F79EFBC}") = "SoccerManager", "SoccerManager\SoccerManager.csproj", "{7DF62391-F58F-4FC0-9E95-4CA1E7AFF737}"
EndProject
Project("{FAE04EC0-301F-11D3-BF4B-00C04F79EFBC}") = "SoccerManager_Webservice", "SoccerManager_Webservice\SoccerManager_Webservice.csproj", "{98C4D957-1B60-474F-AC50-D420BB74413A}"
EndProject
Global
	GlobalSection(SolutionConfigurationPlatforms) = preSolution
		Debug|Any CPU = Debug|Any CPU
		Release|Any CPU = Release|Any CPU
	EndGlobalSection
	GlobalSection(ProjectConfigurationPlatforms) = postSolution
		{7DF62391-F58F-4FC0-9E95-4CA1E7AFF737}.Debug|Any CPU.ActiveCfg = Debug|Any CPU
		{7DF62391-F58F-4FC0-9E95-4CA1E7AFF737}.Debug|Any CPU.Build.0 = Debug|Any CPU
		{7DF62391-F58F-4FC0-9E95-4CA1E7AFF737}.Release|Any CPU.ActiveCfg = Release|Any CPU
		{7DF62391-F58F-4FC0-9E95-4CA1E7AFF737}.Release|Any CPU.Build.0 = Release|Any CPU
		{98C4D957-1B60-474F-AC50-D420BB74413A}.Debug|Any CPU.ActiveCfg = Debug|Any CPU
		{98C4D957-1B60-474F-AC50-D420BB74413A}.Debug|Any CPU.Build.0 = Debug|Any CPU
		{98C4D957-1B60-474F-AC50-D420BB74413A}.Release|Any CPU.ActiveCfg = Release|Any CPU
		{98C4D957-1B60-474F-AC50-D420BB74413A}.Release|Any CPU.Build.0 = Release|Any CPU
	EndGlobalSection
	GlobalSection(SolutionProperties) = preSolution
		HideSolutionNode = FALSE
	EndGlobalSection
EndGlobal
